
Microsoft Visual Studio Solution File, Format Version 12.00
# Visual Studio Version 17
VisualStudioVersion = 17.11.35327.3
MinimumVisualStudioVersion = 10.0.40219.1
Project("{9A19103F-16F7-4668-BE54-9A1E7A4F7556}") = "Bloggie.Web", "Bloggie.Web\Bloggie.Web.csproj", "{8321CC10-C232-48AD-8D1B-829702D8A512}"
EndProject
Global
	GlobalSection(SolutionConfigurationPlatforms) = preSolution
		Debug|Any CPU = Debug|Any CPU
		Release|Any CPU = Release|Any CPU
	EndGlobalSection
	GlobalSection(ProjectConfigurationPlatforms) = postSolution
		{8321CC10-C232-48AD-8D1B-829702D8A512}.Debug|Any CPU.ActiveCfg = Debug|Any CPU
		{8321CC10-C232-48AD-8D1B-829702D8A512}.Debug|Any CPU.Build.0 = Debug|Any CPU
		{8321CC10-C232-48AD-8D1B-829702D8A512}.Release|Any CPU.ActiveCfg = Release|Any CPU
		{8321CC10-C232-48AD-8D1B-829702D8A512}.Release|Any CPU.Build.0 = Release|Any CPU
	EndGlobalSection
	GlobalSection(SolutionProperties) = preSolution
		HideSolutionNode = FALSE
	EndGlobalSection
	GlobalSection(ExtensibilityGlobals) = postSolution
		SolutionGuid = {D500EAF9-6844-4029-8B4C-6374E3ED873D}
	EndGlobalSection
EndGlobal
